
Microsoft Visual Studio Solution File, Format Version 12.00
# Visual Studio Version 17
VisualStudioVersion = 17.4.33122.133
MinimumVisualStudioVersion = 10.0.40219.1
Project("{9A19103F-16F7-4668-BE54-9A1E7A4F7556}") = "Web_API", "Web_API\Web_API.csproj", "{99D6D1C6-2CE4-4270-8DC9-7AC70AFD50D1}"
EndProject
Project("{9A19103F-16F7-4668-BE54-9A1E7A4F7556}") = "Web_API_Tests", "Web_API_Tests\Web_API_Tests.csproj", "{76FF6B92-0FD2-4CF5-9C07-BA37B922288C}"
EndProject
Global
	GlobalSection(SolutionConfigurationPlatforms) = preSolution
		Debug|Any CPU = Debug|Any CPU
		Debug|x64 = Debug|x64
		Release|Any CPU = Release|Any CPU
		Release|x64 = Release|x64
	EndGlobalSection
	GlobalSection(ProjectConfigurationPlatforms) = postSolution
		{99D6D1C6-2CE4-4270-8DC9-7AC70AFD50D1}.Debug|Any CPU.ActiveCfg = Debug|Any CPU
		{99D6D1C6-2CE4-4270-8DC9-7AC70AFD50D1}.Debug|Any CPU.Build.0 = Debug|Any CPU
		{99D6D1C6-2CE4-4270-8DC9-7AC70AFD50D1}.Debug|x64.ActiveCfg = Debug|Any CPU
		{99D6D1C6-2CE4-4270-8DC9-7AC70AFD50D1}.Debug|x64.Build.0 = Debug|Any CPU
		{99D6D1C6-2CE4-4270-8DC9-7AC70AFD50D1}.Release|Any CPU.ActiveCfg = Release|Any CPU
		{99D6D1C6-2CE4-4270-8DC9-7AC70AFD50D1}.Release|Any CPU.Build.0 = Release|Any CPU
		{99D6D1C6-2CE4-4270-8DC9-7AC70AFD50D1}.Release|x64.ActiveCfg = Release|Any CPU
		{99D6D1C6-2CE4-4270-8DC9-7AC70AFD50D1}.Release|x64.Build.0 = Release|Any CPU
		{76FF6B92-0FD2-4CF5-9C07-BA37B922288C}.Debug|Any CPU.ActiveCfg = Debug|Any CPU
		{76FF6B92-0FD2-4CF5-9C07-BA37B922288C}.Debug|Any CPU.Build.0 = Debug|Any CPU
		{76FF6B92-0FD2-4CF5-9C07-BA37B922288C}.Debug|x64.ActiveCfg = Debug|x64
		{76FF6B92-0FD2-4CF5-9C07-BA37B922288C}.Debug|x64.Build.0 = Debug|x64
		{76FF6B92-0FD2-4CF5-9C07-BA37B922288C}.Release|Any CPU.ActiveCfg = Release|Any CPU
		{76FF6B92-0FD2-4CF5-9C07-BA37B922288C}.Release|Any CPU.Build.0 = Release|Any CPU
		{76FF6B92-0FD2-4CF5-9C07-BA37B922288C}.Release|x64.ActiveCfg = Release|x64
		{76FF6B92-0FD2-4CF5-9C07-BA37B922288C}.Release|x64.Build.0 = Release|x64
	EndGlobalSection
	GlobalSection(SolutionProperties) = preSolution
		HideSolutionNode = FALSE
	EndGlobalSection
	GlobalSection(ExtensibilityGlobals) = postSolution
		SolutionGuid = {BFF50FB6-CC7A-4B99-8885-0A29B8F51B9D}
	EndGlobalSection
EndGlobal
